
Microsoft Visual Studio Solution File, Format Version 12.00
# Visual Studio Version 16
VisualStudioVersion = 16.0.31205.134
MinimumVisualStudioVersion = 10.0.40219.1
Project("{8BC9CEB8-8B4A-11D0-8D11-00A0C91BC942}") = "Lab 1. Classes and objects", "Lab 1. Classes and objects\Lab 1. Classes and objects.vcxproj", "{D80F73B6-DB5D-46C2-8E45-6FA6F1548A9B}"
EndProject
Global
	GlobalSection(SolutionConfigurationPlatforms) = preSolution
		Debug|x64 = Debug|x64
		Debug|x86 = Debug|x86
		Release|x64 = Release|x64
		Release|x86 = Release|x86
	EndGlobalSection
	GlobalSection(ProjectConfigurationPlatforms) = postSolution
		{D80F73B6-DB5D-46C2-8E45-6FA6F1548A9B}.Debug|x64.ActiveCfg = Debug|x64
		{D80F73B6-DB5D-46C2-8E45-6FA6F1548A9B}.Debug|x64.Build.0 = Debug|x64
		{D80F73B6-DB5D-46C2-8E45-6FA6F1548A9B}.Debug|x86.ActiveCfg = Debug|Win32
		{D80F73B6-DB5D-46C2-8E45-6FA6F1548A9B}.Debug|x86.Build.0 = Debug|Win32
		{D80F73B6-DB5D-46C2-8E45-6FA6F1548A9B}.Release|x64.ActiveCfg = Release|x64
		{D80F73B6-DB5D-46C2-8E45-6FA6F1548A9B}.Release|x64.Build.0 = Release|x64
		{D80F73B6-DB5D-46C2-8E45-6FA6F1548A9B}.Release|x86.ActiveCfg = Release|Win32
		{D80F73B6-DB5D-46C2-8E45-6FA6F1548A9B}.Release|x86.Build.0 = Release|Win32
	EndGlobalSection
	GlobalSection(SolutionProperties) = preSolution
		HideSolutionNode = FALSE
	EndGlobalSection
	GlobalSection(ExtensibilityGlobals) = postSolution
		SolutionGuid = {81114109-014B-41FE-A8AF-207A674C936D}
	EndGlobalSection
EndGlobal
